// !$*UTF8*$!
{
	archiveVersion = 1;
	classes = {
	};
	objectVersion = 77;
	objects = {

/* Begin PBXBuildFile section */
		5395FAC02DC70D6400301FB6 /* Assets.xcassets in Resources */ = {isa = PBXBuildFile; fileRef = 5395FABC2DC70D6400301FB6 /* Assets.xcassets */; };
		5395FAC12DC70D6400301FB6 /* ContentView.swift in Sources */ = {isa = PBXBuildFile; fileRef = 5395FABD2DC70D6400301FB6 /* ContentView.swift */; };
		5395FAC22DC70D6400301FB6 /* YasakomeApp.swift in Sources */ = {isa = PBXBuildFile; fileRef = 5395FABE2DC70D6400301FB6 /* YasakomeApp.swift */; };
		5395FAC52DC70D6800301FB6 /* YasakomeTests.swift in Sources */ = {isa = PBXBuildFile; fileRef = 5395FAC32DC70D6800301FB6 /* YasakomeTests.swift */; };
		5395FAC92DC70D6C00301FB6 /* YasakomeUITests.swift in Sources */ = {isa = PBXBuildFile; fileRef = 5395FAC62DC70D6C00301FB6 /* YasakomeUITests.swift */; };
		5395FACA2DC70D6C00301FB6 /* YasakomeUITestsLaunchTests.swift in Sources */ = {isa = PBXBuildFile; fileRef = 5395FAC72DC70D6C00301FB6 /* YasakomeUITestsLaunchTests.swift */; };
/* End PBXBuildFile section */

/* Begin PBXContainerItemProxy section */
		5395FAA02DC6FCFA00301FB6 /* PBXContainerItemProxy */ = {
			isa = PBXContainerItemProxy;
			containerPortal = 5395FA8A2DC6FCF900301FB6 /* Project object */;
			proxyType = 1;
			remoteGlobalIDString = 5395FA912DC6FCF900301FB6;
			remoteInfo = Yasakome;
		};
		5395FAAA2DC6FCFA00301FB6 /* PBXContainerItemProxy */ = {
			isa = PBXContainerItemProxy;
			containerPortal = 5395FA8A2DC6FCF900301FB6 /* Project object */;
			proxyType = 1;
			remoteGlobalIDString = 5395FA912DC6FCF900301FB6;
			remoteInfo = Yasakome;
		};
/* End PBXContainerItemProxy section */

/* Begin PBXFileReference section */
		5395FA922DC6FCF900301FB6 /* Yasakome.app */ = {isa = PBXFileReference; explicitFileType = wrapper.application; includeInIndex = 0; path = Yasakome.app; sourceTree = BUILT_PRODUCTS_DIR; };
		5395FA9F2DC6FCFA00301FB6 /* YasakomeTests.xctest */ = {isa = PBXFileReference; explicitFileType = wrapper.cfbundle; includeInIndex = 0; path = YasakomeTests.xctest; sourceTree = BUILT_PRODUCTS_DIR; };
		5395FAA92DC6FCFA00301FB6 /* YasakomeUITests.xctest */ = {isa = PBXFileReference; explicitFileType = wrapper.cfbundle; includeInIndex = 0; path = YasakomeUITests.xctest; sourceTree = BUILT_PRODUCTS_DIR; };
		5395FABC2DC70D6400301FB6 /* Assets.xcassets */ = {isa = PBXFileReference; lastKnownFileType = folder.assetcatalog; path = Assets.xcassets; sourceTree = "<group>"; };
		5395FABD2DC70D6400301FB6 /* ContentView.swift */ = {isa = PBXFileReference; lastKnownFileType = sourcecode.swift; path = ContentView.swift; sourceTree = "<group>"; };
		5395FABE2DC70D6400301FB6 /* YasakomeApp.swift */ = {isa = PBXFileReference; lastKnownFileType = sourcecode.swift; path = YasakomeApp.swift; sourceTree = "<group>"; };
		5395FAC32DC70D6800301FB6 /* YasakomeTests.swift */ = {isa = PBXFileReference; lastKnownFileType = sourcecode.swift; path = YasakomeTests.swift; sourceTree = "<group>"; };
		5395FAC62DC70D6C00301FB6 /* YasakomeUITests.swift */ = {isa = PBXFileReference; lastKnownFileType = sourcecode.swift; path = YasakomeUITests.swift; sourceTree = "<group>"; };
		5395FAC72DC70D6C00301FB6 /* YasakomeUITestsLaunchTests.swift */ = {isa = PBXFileReference; lastKnownFileType = sourcecode.swift; path = YasakomeUITestsLaunchTests.swift; sourceTree = "<group>"; };
		5395FAD22DC7349E00301FB6 /* BuildTools */ = {isa = PBXFileReference; lastKnownFileType = wrapper; path = BuildTools; sourceTree = "<group>"; };
		5395FAD52DC737F900301FB6 /* .swiftformat */ = {isa = PBXFileReference; lastKnownFileType = text; path = .swiftformat; sourceTree = "<group>"; };
/* End PBXFileReference section */

/* Begin PBXFrameworksBuildPhase section */
		5395FA8F2DC6FCF900301FB6 /* Frameworks */ = {
			isa = PBXFrameworksBuildPhase;
			buildActionMask = 2147483647;
			files = (
			);
			runOnlyForDeploymentPostprocessing = 0;
		};
		5395FA9C2DC6FCFA00301FB6 /* Frameworks */ = {
			isa = PBXFrameworksBuildPhase;
			buildActionMask = 2147483647;
			files = (
			);
			runOnlyForDeploymentPostprocessing = 0;
		};
		5395FAA62DC6FCFA00301FB6 /* Frameworks */ = {
			isa = PBXFrameworksBuildPhase;
			buildActionMask = 2147483647;
			files = (
			);
			runOnlyForDeploymentPostprocessing = 0;
		};
/* End PBXFrameworksBuildPhase section */

/* Begin PBXGroup section */
		5395FA892DC6FCF900301FB6 = {
			isa = PBXGroup;
			children = (
				5395FAD52DC737F900301FB6 /* .swiftformat */,
				5395FAD22DC7349E00301FB6 /* BuildTools */,
				5395FABF2DC70D6400301FB6 /* Yasakome */,
				5395FAC42DC70D6800301FB6 /* YasakomeTests */,
				5395FAC82DC70D6C00301FB6 /* YasakomeUITests */,
				5395FA932DC6FCF900301FB6 /* Products */,
			);
			sourceTree = "<group>";
		};
		5395FA932DC6FCF900301FB6 /* Products */ = {
			isa = PBXGroup;
			children = (
				5395FA922DC6FCF900301FB6 /* Yasakome.app */,
				5395FA9F2DC6FCFA00301FB6 /* YasakomeTests.xctest */,
				5395FAA92DC6FCFA00301FB6 /* YasakomeUITests.xctest */,
			);
			name = Products;
			sourceTree = "<group>";
		};
		5395FABF2DC70D6400301FB6 /* Yasakome */ = {
			isa = PBXGroup;
			children = (
				5395FABC2DC70D6400301FB6 /* Assets.xcassets */,
				5395FABD2DC70D6400301FB6 /* ContentView.swift */,
				5395FABE2DC70D6400301FB6 /* YasakomeApp.swift */,
			);
			path = Yasakome;
			sourceTree = "<group>";
		};
		5395FAC42DC70D6800301FB6 /* YasakomeTests */ = {
			isa = PBXGroup;
			children = (
				5395FAC32DC70D6800301FB6 /* YasakomeTests.swift */,
			);
			path = YasakomeTests;
			sourceTree = "<group>";
		};
		5395FAC82DC70D6C00301FB6 /* YasakomeUITests */ = {
			isa = PBXGroup;
			children = (
				5395FAC62DC70D6C00301FB6 /* YasakomeUITests.swift */,
				5395FAC72DC70D6C00301FB6 /* YasakomeUITestsLaunchTests.swift */,
			);
			path = YasakomeUITests;
			sourceTree = "<group>";
		};
/* End PBXGroup section */

/* Begin PBXNativeTarget section */
		5395FA912DC6FCF900301FB6 /* Yasakome */ = {
			isa = PBXNativeTarget;
			buildConfigurationList = 5395FAB32DC6FCFA00301FB6 /* Build configuration list for PBXNativeTarget "Yasakome" */;
			buildPhases = (
				5395FAD32DC7350500301FB6 /* Swift Format */,
				5395FA8E2DC6FCF900301FB6 /* Sources */,
				5395FA8F2DC6FCF900301FB6 /* Frameworks */,
				5395FA902DC6FCF900301FB6 /* Resources */,
			);
			buildRules = (
			);
			dependencies = (
				5395FACD2DC7319100301FB6 /* PBXTargetDependency */,
			);
			name = Yasakome;
			packageProductDependencies = (
			);
			productName = Yasakome;
			productReference = 5395FA922DC6FCF900301FB6 /* Yasakome.app */;
			productType = "com.apple.product-type.application";
		};
		5395FA9E2DC6FCFA00301FB6 /* YasakomeTests */ = {
			isa = PBXNativeTarget;
			buildConfigurationList = 5395FAB62DC6FCFA00301FB6 /* Build configuration list for PBXNativeTarget "YasakomeTests" */;
			buildPhases = (
				5395FA9B2DC6FCFA00301FB6 /* Sources */,
				5395FA9C2DC6FCFA00301FB6 /* Frameworks */,
				5395FA9D2DC6FCFA00301FB6 /* Resources */,
			);
			buildRules = (
			);
			dependencies = (
				5395FACF2DC731A200301FB6 /* PBXTargetDependency */,
				5395FAA12DC6FCFA00301FB6 /* PBXTargetDependency */,
			);
			name = YasakomeTests;
			packageProductDependencies = (
			);
			productName = YasakomeTests;
			productReference = 5395FA9F2DC6FCFA00301FB6 /* YasakomeTests.xctest */;
			productType = "com.apple.product-type.bundle.unit-test";
		};
		5395FAA82DC6FCFA00301FB6 /* YasakomeUITests */ = {
			isa = PBXNativeTarget;
			buildConfigurationList = 5395FAB92DC6FCFA00301FB6 /* Build configuration list for PBXNativeTarget "YasakomeUITests" */;
			buildPhases = (
				5395FAD42DC7362B00301FB6 /* Swift Format */,
				5395FAA52DC6FCFA00301FB6 /* Sources */,
				5395FAA62DC6FCFA00301FB6 /* Frameworks */,
				5395FAA72DC6FCFA00301FB6 /* Resources */,
			);
			buildRules = (
			);
			dependencies = (
				5395FAD12DC731A800301FB6 /* PBXTargetDependency */,
				5395FAAB2DC6FCFA00301FB6 /* PBXTargetDependency */,
			);
			name = YasakomeUITests;
			packageProductDependencies = (
			);
			productName = YasakomeUITests;
			productReference = 5395FAA92DC6FCFA00301FB6 /* YasakomeUITests.xctest */;
			productType = "com.apple.product-type.bundle.ui-testing";
		};
/* End PBXNativeTarget section */

/* Begin PBXProject section */
		5395FA8A2DC6FCF900301FB6 /* Project object */ = {
			isa = PBXProject;
			attributes = {
				BuildIndependentTargetsInParallel = 1;
				LastSwiftUpdateCheck = 1630;
				LastUpgradeCheck = 1630;
				TargetAttributes = {
					5395FA912DC6FCF900301FB6 = {
						CreatedOnToolsVersion = 16.3;
					};
					5395FA9E2DC6FCFA00301FB6 = {
						CreatedOnToolsVersion = 16.3;
						TestTargetID = 5395FA912DC6FCF900301FB6;
					};
					5395FAA82DC6FCFA00301FB6 = {
						CreatedOnToolsVersion = 16.3;
						TestTargetID = 5395FA912DC6FCF900301FB6;
					};
				};
			};
			buildConfigurationList = 5395FA8D2DC6FCF900301FB6 /* Build configuration list for PBXProject "Yasakome" */;
			developmentRegion = en;
			hasScannedForEncodings = 0;
			knownRegions = (
				en,
				Base,
			);
			mainGroup = 5395FA892DC6FCF900301FB6;
			minimizedProjectReferenceProxies = 1;
			packageReferences = (
				5395FACB2DC7314B00301FB6 /* XCRemoteSwiftPackageReference "SwiftLintPlugins" */,
			);
			preferredProjectObjectVersion = 77;
			productRefGroup = 5395FA932DC6FCF900301FB6 /* Products */;
			projectDirPath = "";
			projectRoot = "";
			targets = (
				5395FA912DC6FCF900301FB6 /* Yasakome */,
				5395FA9E2DC6FCFA00301FB6 /* YasakomeTests */,
				5395FAA82DC6FCFA00301FB6 /* YasakomeUITests */,
			);
		};
/* End PBXProject section */

/* Begin PBXResourcesBuildPhase section */
		5395FA902DC6FCF900301FB6 /* Resources */ = {
			isa = PBXResourcesBuildPhase;
			buildActionMask = 2147483647;
			files = (
				5395FAC02DC70D6400301FB6 /* Assets.xcassets in Resources */,
			);
			runOnlyForDeploymentPostprocessing = 0;
		};
		5395FA9D2DC6FCFA00301FB6 /* Resources */ = {
			isa = PBXResourcesBuildPhase;
			buildActionMask = 2147483647;
			files = (
			);
			runOnlyForDeploymentPostprocessing = 0;
		};
		5395FAA72DC6FCFA00301FB6 /* Resources */ = {
			isa = PBXResourcesBuildPhase;
			buildActionMask = 2147483647;
			files = (
			);
			runOnlyForDeploymentPostprocessing = 0;
		};
/* End PBXResourcesBuildPhase section */

/* Begin PBXShellScriptBuildPhase section */
		5395FAD32DC7350500301FB6 /* Swift Format */ = {
			isa = PBXShellScriptBuildPhase;
			alwaysOutOfDate = 1;
			buildActionMask = 2147483647;
			files = (
			);
			inputFileListPaths = (
			);
			inputPaths = (
			);
			name = "Swift Format";
			outputFileListPaths = (
			);
			outputPaths = (
			);
			runOnlyForDeploymentPostprocessing = 0;
			shellPath = /bin/sh;
			shellScript = "# Type a script or drag a script file from your workspace to insert its path.\ncd BuildTools\nSDKROOT=(xcrun --sdk macosx --show-sdk-path)\n#swift package update #Uncomment this line temporarily to update the version used to the latest matching your BuildTools/Package.swift file\nswift run -c release swiftformat --lint --lenient \"$SRCROOT\"\n";
		};
		5395FAD42DC7362B00301FB6 /* Swift Format */ = {
			isa = PBXShellScriptBuildPhase;
			alwaysOutOfDate = 1;
			buildActionMask = 2147483647;
			files = (
			);
			inputFileListPaths = (
			);
			inputPaths = (
			);
			name = "Swift Format";
			outputFileListPaths = (
			);
			outputPaths = (
			);
			runOnlyForDeploymentPostprocessing = 0;
			shellPath = /bin/sh;
			shellScript = "# Type a script or drag a script file from your workspace to insert its path.\ncd BuildTools\nSDKROOT=(xcrun --sdk macosx --show-sdk-path)\n#swift package update #Uncomment this line temporarily to update the version used to the latest matching your BuildTools/Package.swift file\nswift run -c release swiftformat \"$SRCROOT\"\n";
		};
/* End PBXShellScriptBuildPhase section */

/* Begin PBXSourcesBuildPhase section */
		5395FA8E2DC6FCF900301FB6 /* Sources */ = {
			isa = PBXSourcesBuildPhase;
			buildActionMask = 2147483647;
			files = (
				5395FAC12DC70D6400301FB6 /* ContentView.swift in Sources */,
				5395FAC22DC70D6400301FB6 /* YasakomeApp.swift in Sources */,
			);
			runOnlyForDeploymentPostprocessing = 0;
		};
		5395FA9B2DC6FCFA00301FB6 /* Sources */ = {
			isa = PBXSourcesBuildPhase;
			buildActionMask = 2147483647;
			files = (
				5395FAC52DC70D6800301FB6 /* YasakomeTests.swift in Sources */,
			);
			runOnlyForDeploymentPostprocessing = 0;
		};
		5395FAA52DC6FCFA00301FB6 /* Sources */ = {
			isa = PBXSourcesBuildPhase;
			buildActionMask = 2147483647;
			files = (
				5395FAC92DC70D6C00301FB6 /* YasakomeUITests.swift in Sources */,
				5395FACA2DC70D6C00301FB6 /* YasakomeUITestsLaunchTests.swift in Sources */,
			);
			runOnlyForDeploymentPostprocessing = 0;
		};
/* End PBXSourcesBuildPhase section */

/* Begin PBXTargetDependency section */
		5395FAA12DC6FCFA00301FB6 /* PBXTargetDependency */ = {
			isa = PBXTargetDependency;
			target = 5395FA912DC6FCF900301FB6 /* Yasakome */;
			targetProxy = 5395FAA02DC6FCFA00301FB6 /* PBXContainerItemProxy */;
		};
		5395FAAB2DC6FCFA00301FB6 /* PBXTargetDependency */ = {
			isa = PBXTargetDependency;
			target = 5395FA912DC6FCF900301FB6 /* Yasakome */;
			targetProxy = 5395FAAA2DC6FCFA00301FB6 /* PBXContainerItemProxy */;
		};
		5395FACD2DC7319100301FB6 /* PBXTargetDependency */ = {
			isa = PBXTargetDependency;
			productRef = 5395FACC2DC7319100301FB6 /* SwiftLintBuildToolPlugin */;
		};
		5395FACF2DC731A200301FB6 /* PBXTargetDependency */ = {
			isa = PBXTargetDependency;
			productRef = 5395FACE2DC731A200301FB6 /* SwiftLintBuildToolPlugin */;
		};
		5395FAD12DC731A800301FB6 /* PBXTargetDependency */ = {
			isa = PBXTargetDependency;
			productRef = 5395FAD02DC731A800301FB6 /* SwiftLintBuildToolPlugin */;
		};
/* End PBXTargetDependency section */

/* Begin XCBuildConfiguration section */
		5395FAB12DC6FCFA00301FB6 /* Debug */ = {
			isa = XCBuildConfiguration;
			buildSettings = {
				ALWAYS_SEARCH_USER_PATHS = NO;
				ASSETCATALOG_COMPILER_GENERATE_SWIFT_ASSET_SYMBOL_EXTENSIONS = YES;
				CLANG_ANALYZER_NONNULL = YES;
				CLANG_ANALYZER_NUMBER_OBJECT_CONVERSION = YES_AGGRESSIVE;
				CLANG_CXX_LANGUAGE_STANDARD = "gnu++20";
				CLANG_ENABLE_MODULES = YES;
				CLANG_ENABLE_OBJC_ARC = YES;
				CLANG_ENABLE_OBJC_WEAK = YES;
				CLANG_WARN_BLOCK_CAPTURE_AUTORELEASING = YES;
				CLANG_WARN_BOOL_CONVERSION = YES;
				CLANG_WARN_COMMA = YES;
				CLANG_WARN_CONSTANT_CONVERSION = YES;
				CLANG_WARN_DEPRECATED_OBJC_IMPLEMENTATIONS = YES;
				CLANG_WARN_DIRECT_OBJC_ISA_USAGE = YES_ERROR;
				CLANG_WARN_DOCUMENTATION_COMMENTS = YES;
				CLANG_WARN_EMPTY_BODY = YES;
				CLANG_WARN_ENUM_CONVERSION = YES;
				CLANG_WARN_INFINITE_RECURSION = YES;
				CLANG_WARN_INT_CONVERSION = YES;
				CLANG_WARN_NON_LITERAL_NULL_CONVERSION = YES;
				CLANG_WARN_OBJC_IMPLICIT_RETAIN_SELF = YES;
				CLANG_WARN_OBJC_LITERAL_CONVERSION = YES;
				CLANG_WARN_OBJC_ROOT_CLASS = YES_ERROR;
				CLANG_WARN_QUOTED_INCLUDE_IN_FRAMEWORK_HEADER = YES;
				CLANG_WARN_RANGE_LOOP_ANALYSIS = YES;
				CLANG_WARN_STRICT_PROTOTYPES = YES;
				CLANG_WARN_SUSPICIOUS_MOVE = YES;
				CLANG_WARN_UNGUARDED_AVAILABILITY = YES_AGGRESSIVE;
				CLANG_WARN_UNREACHABLE_CODE = YES;
				CLANG_WARN__DUPLICATE_METHOD_MATCH = YES;
				COPY_PHASE_STRIP = NO;
				DEBUG_INFORMATION_FORMAT = dwarf;
				DEVELOPMENT_TEAM = APQQ8NFXX7;
				ENABLE_STRICT_OBJC_MSGSEND = YES;
				ENABLE_TESTABILITY = YES;
				ENABLE_USER_SCRIPT_SANDBOXING = NO;
				GCC_C_LANGUAGE_STANDARD = gnu17;
				GCC_DYNAMIC_NO_PIC = NO;
				GCC_NO_COMMON_BLOCKS = YES;
				GCC_OPTIMIZATION_LEVEL = 0;
				GCC_PREPROCESSOR_DEFINITIONS = (
					"DEBUG=1",
					"$(inherited)",
				);
				GCC_WARN_64_TO_32_BIT_CONVERSION = YES;
				GCC_WARN_ABOUT_RETURN_TYPE = YES_ERROR;
				GCC_WARN_UNDECLARED_SELECTOR = YES;
				GCC_WARN_UNINITIALIZED_AUTOS = YES_AGGRESSIVE;
				GCC_WARN_UNUSED_FUNCTION = YES;
				GCC_WARN_UNUSED_VARIABLE = YES;
				IPHONEOS_DEPLOYMENT_TARGET = 18.4;
				LOCALIZATION_PREFERS_STRING_CATALOGS = YES;
				MTL_ENABLE_DEBUG_INFO = INCLUDE_SOURCE;
				MTL_FAST_MATH = YES;
				ONLY_ACTIVE_ARCH = YES;
				SDKROOT = iphoneos;
				SWIFT_ACTIVE_COMPILATION_CONDITIONS = "DEBUG $(inherited)";
				SWIFT_OPTIMIZATION_LEVEL = "-Onone";
			};
			name = Debug;
		};
		5395FAB22DC6FCFA00301FB6 /* Release */ = {
			isa = XCBuildConfiguration;
			buildSettings = {
				ALWAYS_SEARCH_USER_PATHS = NO;
				ASSETCATALOG_COMPILER_GENERATE_SWIFT_ASSET_SYMBOL_EXTENSIONS = YES;
				CLANG_ANALYZER_NONNULL = YES;
				CLANG_ANALYZER_NUMBER_OBJECT_CONVERSION = YES_AGGRESSIVE;
				CLANG_CXX_LANGUAGE_STANDARD = "gnu++20";
				CLANG_ENABLE_MODULES = YES;
				CLANG_ENABLE_OBJC_ARC = YES;
				CLANG_ENABLE_OBJC_WEAK = YES;
				CLANG_WARN_BLOCK_CAPTURE_AUTORELEASING = YES;
				CLANG_WARN_BOOL_CONVERSION = YES;
				CLANG_WARN_COMMA = YES;
				CLANG_WARN_CONSTANT_CONVERSION = YES;
				CLANG_WARN_DEPRECATED_OBJC_IMPLEMENTATIONS = YES;
				CLANG_WARN_DIRECT_OBJC_ISA_USAGE = YES_ERROR;
				CLANG_WARN_DOCUMENTATION_COMMENTS = YES;
				CLANG_WARN_EMPTY_BODY = YES;
				CLANG_WARN_ENUM_CONVERSION = YES;
				CLANG_WARN_INFINITE_RECURSION = YES;
				CLANG_WARN_INT_CONVERSION = YES;
				CLANG_WARN_NON_LITERAL_NULL_CONVERSION = YES;
				CLANG_WARN_OBJC_IMPLICIT_RETAIN_SELF = YES;
				CLANG_WARN_OBJC_LITERAL_CONVERSION = YES;
				CLANG_WARN_OBJC_ROOT_CLASS = YES_ERROR;
				CLANG_WARN_QUOTED_INCLUDE_IN_FRAMEWORK_HEADER = YES;
				CLANG_WARN_RANGE_LOOP_ANALYSIS = YES;
				CLANG_WARN_STRICT_PROTOTYPES = YES;
				CLANG_WARN_SUSPICIOUS_MOVE = YES;
				CLANG_WARN_UNGUARDED_AVAILABILITY = YES_AGGRESSIVE;
				CLANG_WARN_UNREACHABLE_CODE = YES;
				CLANG_WARN__DUPLICATE_METHOD_MATCH = YES;
				COPY_PHASE_STRIP = NO;
				DEBUG_INFORMATION_FORMAT = "dwarf-with-dsym";
				DEVELOPMENT_TEAM = APQQ8NFXX7;
				ENABLE_NS_ASSERTIONS = NO;
				ENABLE_STRICT_OBJC_MSGSEND = YES;
				ENABLE_USER_SCRIPT_SANDBOXING = NO;
				GCC_C_LANGUAGE_STANDARD = gnu17;
				GCC_NO_COMMON_BLOCKS = YES;
				GCC_WARN_64_TO_32_BIT_CONVERSION = YES;
				GCC_WARN_ABOUT_RETURN_TYPE = YES_ERROR;
				GCC_WARN_UNDECLARED_SELECTOR = YES;
				GCC_WARN_UNINITIALIZED_AUTOS = YES_AGGRESSIVE;
				GCC_WARN_UNUSED_FUNCTION = YES;
				GCC_WARN_UNUSED_VARIABLE = YES;
				IPHONEOS_DEPLOYMENT_TARGET = 18.4;
				LOCALIZATION_PREFERS_STRING_CATALOGS = YES;
				MTL_ENABLE_DEBUG_INFO = NO;
				MTL_FAST_MATH = YES;
				SDKROOT = iphoneos;
				SWIFT_COMPILATION_MODE = wholemodule;
				VALIDATE_PRODUCT = YES;
			};
			name = Release;
		};
		5395FAB42DC6FCFA00301FB6 /* Debug */ = {
			isa = XCBuildConfiguration;
			buildSettings = {
				ASSETCATALOG_COMPILER_APPICON_NAME = AppIcon;
				ASSETCATALOG_COMPILER_GLOBAL_ACCENT_COLOR_NAME = AccentColor;
				CODE_SIGN_STYLE = Automatic;
				CURRENT_PROJECT_VERSION = 1;
				DEVELOPMENT_TEAM = APQQ8NFXX7;
				ENABLE_PREVIEWS = YES;
				GENERATE_INFOPLIST_FILE = YES;
				INFOPLIST_KEY_UIApplicationSceneManifest_Generation = YES;
				INFOPLIST_KEY_UIApplicationSupportsIndirectInputEvents = YES;
				INFOPLIST_KEY_UILaunchScreen_Generation = YES;
				INFOPLIST_KEY_UISupportedInterfaceOrientations_iPad = "UIInterfaceOrientationPortrait UIInterfaceOrientationPortraitUpsideDown UIInterfaceOrientationLandscapeLeft UIInterfaceOrientationLandscapeRight";
				INFOPLIST_KEY_UISupportedInterfaceOrientations_iPhone = "UIInterfaceOrientationPortrait UIInterfaceOrientationLandscapeLeft UIInterfaceOrientationLandscapeRight";
				LD_RUNPATH_SEARCH_PATHS = (
					"$(inherited)",
					"@executable_path/Frameworks",
				);
				MARKETING_VERSION = 1.0;
				PRODUCT_BUNDLE_IDENTIFIER = com.russtech.Yasakome;
				PRODUCT_NAME = "$(TARGET_NAME)";
				SWIFT_EMIT_LOC_STRINGS = YES;
				SWIFT_VERSION = 6.0;
				TARGETED_DEVICE_FAMILY = "1,2";
			};
			name = Debug;
		};
		5395FAB52DC6FCFA00301FB6 /* Release */ = {
			isa = XCBuildConfiguration;
			buildSettings = {
				ASSETCATALOG_COMPILER_APPICON_NAME = AppIcon;
				ASSETCATALOG_COMPILER_GLOBAL_ACCENT_COLOR_NAME = AccentColor;
				CODE_SIGN_STYLE = Automatic;
				CURRENT_PROJECT_VERSION = 1;
				DEVELOPMENT_TEAM = APQQ8NFXX7;
				ENABLE_PREVIEWS = YES;
				GENERATE_INFOPLIST_FILE = YES;
				INFOPLIST_KEY_UIApplicationSceneManifest_Generation = YES;
				INFOPLIST_KEY_UIApplicationSupportsIndirectInputEvents = YES;
				INFOPLIST_KEY_UILaunchScreen_Generation = YES;
				INFOPLIST_KEY_UISupportedInterfaceOrientations_iPad = "UIInterfaceOrientationPortrait UIInterfaceOrientationPortraitUpsideDown UIInterfaceOrientationLandscapeLeft UIInterfaceOrientationLandscapeRight";
				INFOPLIST_KEY_UISupportedInterfaceOrientations_iPhone = "UIInterfaceOrientationPortrait UIInterfaceOrientationLandscapeLeft UIInterfaceOrientationLandscapeRight";
				LD_RUNPATH_SEARCH_PATHS = (
					"$(inherited)",
					"@executable_path/Frameworks",
				);
				MARKETING_VERSION = 1.0;
				PRODUCT_BUNDLE_IDENTIFIER = com.russtech.Yasakome;
				PRODUCT_NAME = "$(TARGET_NAME)";
				SWIFT_EMIT_LOC_STRINGS = YES;
				SWIFT_VERSION = 6.0;
				TARGETED_DEVICE_FAMILY = "1,2";
			};
			name = Release;
		};
		5395FAB72DC6FCFA00301FB6 /* Debug */ = {
			isa = XCBuildConfiguration;
			buildSettings = {
				BUNDLE_LOADER = "$(TEST_HOST)";
				CODE_SIGN_STYLE = Automatic;
				CURRENT_PROJECT_VERSION = 1;
				DEVELOPMENT_TEAM = APQQ8NFXX7;
				GENERATE_INFOPLIST_FILE = YES;
				IPHONEOS_DEPLOYMENT_TARGET = 18.4;
				MARKETING_VERSION = 1.0;
				PRODUCT_BUNDLE_IDENTIFIER = com.russtech.YasakomeTests;
				PRODUCT_NAME = "$(TARGET_NAME)";
				SWIFT_EMIT_LOC_STRINGS = NO;
				SWIFT_VERSION = 6.0;
				TARGETED_DEVICE_FAMILY = "1,2";
				TEST_HOST = "$(BUILT_PRODUCTS_DIR)/Yasakome.app/$(BUNDLE_EXECUTABLE_FOLDER_PATH)/Yasakome";
			};
			name = Debug;
		};
		5395FAB82DC6FCFA00301FB6 /* Release */ = {
			isa = XCBuildConfiguration;
			buildSettings = {
				BUNDLE_LOADER = "$(TEST_HOST)";
				CODE_SIGN_STYLE = Automatic;
				CURRENT_PROJECT_VERSION = 1;
				DEVELOPMENT_TEAM = APQQ8NFXX7;
				GENERATE_INFOPLIST_FILE = YES;
				IPHONEOS_DEPLOYMENT_TARGET = 18.4;
				MARKETING_VERSION = 1.0;
				PRODUCT_BUNDLE_IDENTIFIER = com.russtech.YasakomeTests;
				PRODUCT_NAME = "$(TARGET_NAME)";
				SWIFT_EMIT_LOC_STRINGS = NO;
				SWIFT_VERSION = 6.0;
				TARGETED_DEVICE_FAMILY = "1,2";
				TEST_HOST = "$(BUILT_PRODUCTS_DIR)/Yasakome.app/$(BUNDLE_EXECUTABLE_FOLDER_PATH)/Yasakome";
			};
			name = Release;
		};
		5395FABA2DC6FCFA00301FB6 /* Debug */ = {
			isa = XCBuildConfiguration;
			buildSettings = {
				CODE_SIGN_STYLE = Automatic;
				CURRENT_PROJECT_VERSION = 1;
				DEVELOPMENT_TEAM = APQQ8NFXX7;
				GENERATE_INFOPLIST_FILE = YES;
				MARKETING_VERSION = 1.0;
				PRODUCT_BUNDLE_IDENTIFIER = com.russtech.YasakomeUITests;
				PRODUCT_NAME = "$(TARGET_NAME)";
				SWIFT_EMIT_LOC_STRINGS = NO;
				SWIFT_VERSION = 6.0;
				TARGETED_DEVICE_FAMILY = "1,2";
				TEST_TARGET_NAME = Yasakome;
			};
			name = Debug;
		};
		5395FABB2DC6FCFA00301FB6 /* Release */ = {
			isa = XCBuildConfiguration;
			buildSettings = {
				CODE_SIGN_STYLE = Automatic;
				CURRENT_PROJECT_VERSION = 1;
				DEVELOPMENT_TEAM = APQQ8NFXX7;
				GENERATE_INFOPLIST_FILE = YES;
				MARKETING_VERSION = 1.0;
				PRODUCT_BUNDLE_IDENTIFIER = com.russtech.YasakomeUITests;
				PRODUCT_NAME = "$(TARGET_NAME)";
				SWIFT_EMIT_LOC_STRINGS = NO;
				SWIFT_VERSION = 6.0;
				TARGETED_DEVICE_FAMILY = "1,2";
				TEST_TARGET_NAME = Yasakome;
			};
			name = Release;
		};
/* End XCBuildConfiguration section */

/* Begin XCConfigurationList section */
		5395FA8D2DC6FCF900301FB6 /* Build configuration list for PBXProject "Yasakome" */ = {
			isa = XCConfigurationList;
			buildConfigurations = (
				5395FAB12DC6FCFA00301FB6 /* Debug */,
				5395FAB22DC6FCFA00301FB6 /* Release */,
			);
			defaultConfigurationIsVisible = 0;
			defaultConfigurationName = Release;
		};
		5395FAB32DC6FCFA00301FB6 /* Build configuration list for PBXNativeTarget "Yasakome" */ = {
			isa = XCConfigurationList;
			buildConfigurations = (
				5395FAB42DC6FCFA00301FB6 /* Debug */,
				5395FAB52DC6FCFA00301FB6 /* Release */,
			);
			defaultConfigurationIsVisible = 0;
			defaultConfigurationName = Release;
		};
		5395FAB62DC6FCFA00301FB6 /* Build configuration list for PBXNativeTarget "YasakomeTests" */ = {
			isa = XCConfigurationList;
			buildConfigurations = (
				5395FAB72DC6FCFA00301FB6 /* Debug */,
				5395FAB82DC6FCFA00301FB6 /* Release */,
			);
			defaultConfigurationIsVisible = 0;
			defaultConfigurationName = Release;
		};
		5395FAB92DC6FCFA00301FB6 /* Build configuration list for PBXNativeTarget "YasakomeUITests" */ = {
			isa = XCConfigurationList;
			buildConfigurations = (
				5395FABA2DC6FCFA00301FB6 /* Debug */,
				5395FABB2DC6FCFA00301FB6 /* Release */,
			);
			defaultConfigurationIsVisible = 0;
			defaultConfigurationName = Release;
		};
/* End XCConfigurationList section */

/* Begin XCRemoteSwiftPackageReference section */
		5395FACB2DC7314B00301FB6 /* XCRemoteSwiftPackageReference "SwiftLintPlugins" */ = {
			isa = XCRemoteSwiftPackageReference;
			repositoryURL = "https://github.com/SimplyDanny/SwiftLintPlugins";
			requirement = {
				kind = upToNextMajorVersion;
				minimumVersion = 0.59.1;
			};
		};
/* End XCRemoteSwiftPackageReference section */

/* Begin XCSwiftPackageProductDependency section */
		5395FACC2DC7319100301FB6 /* SwiftLintBuildToolPlugin */ = {
			isa = XCSwiftPackageProductDependency;
			package = 5395FACB2DC7314B00301FB6 /* XCRemoteSwiftPackageReference "SwiftLintPlugins" */;
			productName = "plugin:SwiftLintBuildToolPlugin";
		};
		5395FACE2DC731A200301FB6 /* SwiftLintBuildToolPlugin */ = {
			isa = XCSwiftPackageProductDependency;
			package = 5395FACB2DC7314B00301FB6 /* XCRemoteSwiftPackageReference "SwiftLintPlugins" */;
			productName = "plugin:SwiftLintBuildToolPlugin";
		};
		5395FAD02DC731A800301FB6 /* SwiftLintBuildToolPlugin */ = {
			isa = XCSwiftPackageProductDependency;
			package = 5395FACB2DC7314B00301FB6 /* XCRemoteSwiftPackageReference "SwiftLintPlugins" */;
			productName = "plugin:SwiftLintBuildToolPlugin";
		};
/* End XCSwiftPackageProductDependency section */
	};
	rootObject = 5395FA8A2DC6FCF900301FB6 /* Project object */;
}
